// !$*UTF8*$!
{
	archiveVersion = 1;
	classes = {
	};
	objectVersion = 46;
	objects = {

/* Begin PBXBuildFile section */
		319DD6621E30C911003526A7 /* AppDelegate.swift in Sources */ = {isa = PBXBuildFile; fileRef = 319DD6611E30C911003526A7 /* AppDelegate.swift */; };
		319DD6641E30C911003526A7 /* ViewController.swift in Sources */ = {isa = PBXBuildFile; fileRef = 319DD6631E30C911003526A7 /* ViewController.swift */; };
		319DD6671E30C911003526A7 /* Main.storyboard in Resources */ = {isa = PBXBuildFile; fileRef = 319DD6651E30C911003526A7 /* Main.storyboard */; };
		319DD6691E30C911003526A7 /* Assets.xcassets in Resources */ = {isa = PBXBuildFile; fileRef = 319DD6681E30C911003526A7 /* Assets.xcassets */; };
		319DD66C1E30C911003526A7 /* LaunchScreen.storyboard in Resources */ = {isa = PBXBuildFile; fileRef = 319DD66A1E30C911003526A7 /* LaunchScreen.storyboard */; };
		319DD6901E30C93F003526A7 /* gp_blue.png in Resources */ = {isa = PBXBuildFile; fileRef = 319DD6751E30C93F003526A7 /* gp_blue.png */; };
		319DD6911E30C93F003526A7 /* gp_blue@2x.png in Resources */ = {isa = PBXBuildFile; fileRef = 319DD6761E30C93F003526A7 /* gp_blue@2x.png */; };
		319DD6921E30C93F003526A7 /* gp_blue@3x.png in Resources */ = {isa = PBXBuildFile; fileRef = 319DD6771E30C93F003526A7 /* gp_blue@3x.png */; };
		319DD6931E30C93F003526A7 /* gp_bluedot.png in Resources */ = {isa = PBXBuildFile; fileRef = 319DD6781E30C93F003526A7 /* gp_bluedot.png */; };
		319DD6941E30C93F003526A7 /* gp_bluedot@2x.png in Resources */ = {isa = PBXBuildFile; fileRef = 319DD6791E30C93F003526A7 /* gp_bluedot@2x.png */; };
		319DD6951E30C93F003526A7 /* gp_bluedot@3x.png in Resources */ = {isa = PBXBuildFile; fileRef = 319DD67A1E30C93F003526A7 /* gp_bluedot@3x.png */; };
		319DD6961E30C93F003526A7 /* gp_gray.png in Resources */ = {isa = PBXBuildFile; fileRef = 319DD67B1E30C93F003526A7 /* gp_gray.png */; };
		319DD6971E30C93F003526A7 /* gp_gray@2x.png in Resources */ = {isa = PBXBuildFile; fileRef = 319DD67C1E30C93F003526A7 /* gp_gray@2x.png */; };
		319DD6981E30C93F003526A7 /* gp_gray@3x.png in Resources */ = {isa = PBXBuildFile; fileRef = 319DD67D1E30C93F003526A7 /* gp_gray@3x.png */; };
		319DD6991E30C93F003526A7 /* gp_green.png in Resources */ = {isa = PBXBuildFile; fileRef = 319DD67E1E30C93F003526A7 /* gp_green.png */; };
		319DD69A1E30C93F003526A7 /* gp_green@2x.png in Resources */ = {isa = PBXBuildFile; fileRef = 319DD67F1E30C93F003526A7 /* gp_green@2x.png */; };
		319DD69B1E30C93F003526A7 /* gp_green@3x.png in Resources */ = {isa = PBXBuildFile; fileRef = 319DD6801E30C93F003526A7 /* gp_green@3x.png */; };
		319DD69C1E30C93F003526A7 /* gp_greendot.png in Resources */ = {isa = PBXBuildFile; fileRef = 319DD6811E30C93F003526A7 /* gp_greendot.png */; };
		319DD69D1E30C93F003526A7 /* gp_greendot@2x.png in Resources */ = {isa = PBXBuildFile; fileRef = 319DD6821E30C93F003526A7 /* gp_greendot@2x.png */; };
		319DD69E1E30C93F003526A7 /* gp_greendot@3x.png in Resources */ = {isa = PBXBuildFile; fileRef = 319DD6831E30C93F003526A7 /* gp_greendot@3x.png */; };
		319DD69F1E30C93F003526A7 /* gp_red.png in Resources */ = {isa = PBXBuildFile; fileRef = 319DD6841E30C93F003526A7 /* gp_red.png */; };
		319DD6A01E30C93F003526A7 /* gp_red@2x.png in Resources */ = {isa = PBXBuildFile; fileRef = 319DD6851E30C93F003526A7 /* gp_red@2x.png */; };
		319DD6A11E30C93F003526A7 /* gp_red@3x.png in Resources */ = {isa = PBXBuildFile; fileRef = 319DD6861E30C93F003526A7 /* gp_red@3x.png */; };
		319DD6A21E30C93F003526A7 /* gp_reddot.png in Resources */ = {isa = PBXBuildFile; fileRef = 319DD6871E30C93F003526A7 /* gp_reddot.png */; };
		319DD6A31E30C93F003526A7 /* gp_reddot@2x.png in Resources */ = {isa = PBXBuildFile; fileRef = 319DD6881E30C93F003526A7 /* gp_reddot@2x.png */; };
		319DD6A41E30C93F003526A7 /* gp_reddot@3x.png in Resources */ = {isa = PBXBuildFile; fileRef = 319DD6891E30C93F003526A7 /* gp_reddot@3x.png */; };
		319DD6A51E30C93F003526A7 /* MNGesturePassword.swift in Sources */ = {isa = PBXBuildFile; fileRef = 319DD68B1E30C93F003526A7 /* MNGesturePassword.swift */; };
		319DD6A61E30C93F003526A7 /* MNGesturePasswordConfigure.swift in Sources */ = {isa = PBXBuildFile; fileRef = 319DD68C1E30C93F003526A7 /* MNGesturePasswordConfigure.swift */; };
		319DD6A71E30C93F003526A7 /* MNGesturePasswordDelegate.swift in Sources */ = {isa = PBXBuildFile; fileRef = 319DD68D1E30C93F003526A7 /* MNGesturePasswordDelegate.swift */; };
		319DD6A81E30C93F003526A7 /* MNGesturePasswordView.swift in Sources */ = {isa = PBXBuildFile; fileRef = 319DD68E1E30C93F003526A7 /* MNGesturePasswordView.swift */; };
		319DD6A91E30C93F003526A7 /* MNGesturePoint.swift in Sources */ = {isa = PBXBuildFile; fileRef = 319DD68F1E30C93F003526A7 /* MNGesturePoint.swift */; };
/* End PBXBuildFile section */

/* Begin PBXFileReference section */
		319DD65E1E30C911003526A7 /* MNGesturePassword.app */ = {isa = PBXFileReference; explicitFileType = wrapper.application; includeInIndex = 0; path = MNGesturePassword.app; sourceTree = BUILT_PRODUCTS_DIR; };
		319DD6611E30C911003526A7 /* AppDelegate.swift */ = {isa = PBXFileReference; lastKnownFileType = sourcecode.swift; path = AppDelegate.swift; sourceTree = "<group>"; };
		319DD6631E30C911003526A7 /* ViewController.swift */ = {isa = PBXFileReference; lastKnownFileType = sourcecode.swift; path = ViewController.swift; sourceTree = "<group>"; };
		319DD6661E30C911003526A7 /* Base */ = {isa = PBXFileReference; lastKnownFileType = file.storyboard; name = Base; path = Base.lproj/Main.storyboard; sourceTree = "<group>"; };
		319DD6681E30C911003526A7 /* Assets.xcassets */ = {isa = PBXFileReference; lastKnownFileType = folder.assetcatalog; path = Assets.xcassets; sourceTree = "<group>"; };
		319DD66B1E30C911003526A7 /* Base */ = {isa = PBXFileReference; lastKnownFileType = file.storyboard; name = Base; path = Base.lproj/LaunchScreen.storyboard; sourceTree = "<group>"; };
		319DD66D1E30C911003526A7 /* Info.plist */ = {isa = PBXFileReference; lastKnownFileType = text.plist.xml; path = Info.plist; sourceTree = "<group>"; };
		319DD6751E30C93F003526A7 /* gp_blue.png */ = {isa = PBXFileReference; lastKnownFileType = image.png; path = gp_blue.png; sourceTree = "<group>"; };
		319DD6761E30C93F003526A7 /* gp_blue@2x.png */ = {isa = PBXFileReference; lastKnownFileType = image.png; path = "gp_blue@2x.png"; sourceTree = "<group>"; };
		319DD6771E30C93F003526A7 /* gp_blue@3x.png */ = {isa = PBXFileReference; lastKnownFileType = image.png; path = "gp_blue@3x.png"; sourceTree = "<group>"; };
		319DD6781E30C93F003526A7 /* gp_bluedot.png */ = {isa = PBXFileReference; lastKnownFileType = image.png; path = gp_bluedot.png; sourceTree = "<group>"; };
		319DD6791E30C93F003526A7 /* gp_bluedot@2x.png */ = {isa = PBXFileReference; lastKnownFileType = image.png; path = "gp_bluedot@2x.png"; sourceTree = "<group>"; };
		319DD67A1E30C93F003526A7 /* gp_bluedot@3x.png */ = {isa = PBXFileReference; lastKnownFileType = image.png; path = "gp_bluedot@3x.png"; sourceTree = "<group>"; };
		319DD67B1E30C93F003526A7 /* gp_gray.png */ = {isa = PBXFileReference; lastKnownFileType = image.png; path = gp_gray.png; sourceTree = "<group>"; };
		319DD67C1E30C93F003526A7 /* gp_gray@2x.png */ = {isa = PBXFileReference; lastKnownFileType = image.png; path = "gp_gray@2x.png"; sourceTree = "<group>"; };
		319DD67D1E30C93F003526A7 /* gp_gray@3x.png */ = {isa = PBXFileReference; lastKnownFileType = image.png; path = "gp_gray@3x.png"; sourceTree = "<group>"; };
		319DD67E1E30C93F003526A7 /* gp_green.png */ = {isa = PBXFileReference; lastKnownFileType = image.png; path = gp_green.png; sourceTree = "<group>"; };
		319DD67F1E30C93F003526A7 /* gp_green@2x.png */ = {isa = PBXFileReference; lastKnownFileType = image.png; path = "gp_green@2x.png"; sourceTree = "<group>"; };
		319DD6801E30C93F003526A7 /* gp_green@3x.png */ = {isa = PBXFileReference; lastKnownFileType = image.png; path = "gp_green@3x.png"; sourceTree = "<group>"; };
		319DD6811E30C93F003526A7 /* gp_greendot.png */ = {isa = PBXFileReference; lastKnownFileType = image.png; path = gp_greendot.png; sourceTree = "<group>"; };
		319DD6821E30C93F003526A7 /* gp_greendot@2x.png */ = {isa = PBXFileReference; lastKnownFileType = image.png; path = "gp_greendot@2x.png"; sourceTree = "<group>"; };
		319DD6831E30C93F003526A7 /* gp_greendot@3x.png */ = {isa = PBXFileReference; lastKnownFileType = image.png; path = "gp_greendot@3x.png"; sourceTree = "<group>"; };
		319DD6841E30C93F003526A7 /* gp_red.png */ = {isa = PBXFileReference; lastKnownFileType = image.png; path = gp_red.png; sourceTree = "<group>"; };
		319DD6851E30C93F003526A7 /* gp_red@2x.png */ = {isa = PBXFileReference; lastKnownFileType = image.png; path = "gp_red@2x.png"; sourceTree = "<group>"; };
		319DD6861E30C93F003526A7 /* gp_red@3x.png */ = {isa = PBXFileReference; lastKnownFileType = image.png; path = "gp_red@3x.png"; sourceTree = "<group>"; };
		319DD6871E30C93F003526A7 /* gp_reddot.png */ = {isa = PBXFileReference; lastKnownFileType = image.png; path = gp_reddot.png; sourceTree = "<group>"; };
		319DD6881E30C93F003526A7 /* gp_reddot@2x.png */ = {isa = PBXFileReference; lastKnownFileType = image.png; path = "gp_reddot@2x.png"; sourceTree = "<group>"; };
		319DD6891E30C93F003526A7 /* gp_reddot@3x.png */ = {isa = PBXFileReference; lastKnownFileType = image.png; path = "gp_reddot@3x.png"; sourceTree = "<group>"; };
		319DD68B1E30C93F003526A7 /* MNGesturePassword.swift */ = {isa = PBXFileReference; fileEncoding = 4; lastKnownFileType = sourcecode.swift; path = MNGesturePassword.swift; sourceTree = "<group>"; };
		319DD68C1E30C93F003526A7 /* MNGesturePasswordConfigure.swift */ = {isa = PBXFileReference; fileEncoding = 4; lastKnownFileType = sourcecode.swift; path = MNGesturePasswordConfigure.swift; sourceTree = "<group>"; };
		319DD68D1E30C93F003526A7 /* MNGesturePasswordDelegate.swift */ = {isa = PBXFileReference; fileEncoding = 4; lastKnownFileType = sourcecode.swift; path = MNGesturePasswordDelegate.swift; sourceTree = "<group>"; };
		319DD68E1E30C93F003526A7 /* MNGesturePasswordView.swift */ = {isa = PBXFileReference; fileEncoding = 4; lastKnownFileType = sourcecode.swift; path = MNGesturePasswordView.swift; sourceTree = "<group>"; };
		319DD68F1E30C93F003526A7 /* MNGesturePoint.swift */ = {isa = PBXFileReference; fileEncoding = 4; lastKnownFileType = sourcecode.swift; path = MNGesturePoint.swift; sourceTree = "<group>"; };
/* End PBXFileReference section */

/* Begin PBXFrameworksBuildPhase section */
		319DD65B1E30C911003526A7 /* Frameworks */ = {
			isa = PBXFrameworksBuildPhase;
			buildActionMask = 2147483647;
			files = (
			);
			runOnlyForDeploymentPostprocessing = 0;
		};
/* End PBXFrameworksBuildPhase section */

/* Begin PBXGroup section */
		319DD6551E30C910003526A7 = {
			isa = PBXGroup;
			children = (
				319DD6601E30C911003526A7 /* MNGesturePassword */,
				319DD65F1E30C911003526A7 /* Products */,
			);
			sourceTree = "<group>";
		};
		319DD65F1E30C911003526A7 /* Products */ = {
			isa = PBXGroup;
			children = (
				319DD65E1E30C911003526A7 /* MNGesturePassword.app */,
			);
			name = Products;
			sourceTree = "<group>";
		};
		319DD6601E30C911003526A7 /* MNGesturePassword */ = {
			isa = PBXGroup;
			children = (
				319DD6731E30C93F003526A7 /* core */,
				319DD6611E30C911003526A7 /* AppDelegate.swift */,
				319DD6631E30C911003526A7 /* ViewController.swift */,
				319DD6651E30C911003526A7 /* Main.storyboard */,
				319DD6681E30C911003526A7 /* Assets.xcassets */,
				319DD66A1E30C911003526A7 /* LaunchScreen.storyboard */,
				319DD66D1E30C911003526A7 /* Info.plist */,
			);
			path = MNGesturePassword;
			sourceTree = "<group>";
		};
		319DD6731E30C93F003526A7 /* core */ = {
			isa = PBXGroup;
			children = (
				319DD6741E30C93F003526A7 /* res */,
				319DD68A1E30C93F003526A7 /* src */,
			);
			path = core;
			sourceTree = SOURCE_ROOT;
		};
		319DD6741E30C93F003526A7 /* res */ = {
			isa = PBXGroup;
			children = (
				319DD6751E30C93F003526A7 /* gp_blue.png */,
				319DD6761E30C93F003526A7 /* gp_blue@2x.png */,
				319DD6771E30C93F003526A7 /* gp_blue@3x.png */,
				319DD6781E30C93F003526A7 /* gp_bluedot.png */,
				319DD6791E30C93F003526A7 /* gp_bluedot@2x.png */,
				319DD67A1E30C93F003526A7 /* gp_bluedot@3x.png */,
				319DD67B1E30C93F003526A7 /* gp_gray.png */,
				319DD67C1E30C93F003526A7 /* gp_gray@2x.png */,
				319DD67D1E30C93F003526A7 /* gp_gray@3x.png */,
				319DD67E1E30C93F003526A7 /* gp_green.png */,
				319DD67F1E30C93F003526A7 /* gp_green@2x.png */,
				319DD6801E30C93F003526A7 /* gp_green@3x.png */,
				319DD6811E30C93F003526A7 /* gp_greendot.png */,
				319DD6821E30C93F003526A7 /* gp_greendot@2x.png */,
				319DD6831E30C93F003526A7 /* gp_greendot@3x.png */,
				319DD6841E30C93F003526A7 /* gp_red.png */,
				319DD6851E30C93F003526A7 /* gp_red@2x.png */,
				319DD6861E30C93F003526A7 /* gp_red@3x.png */,
				319DD6871E30C93F003526A7 /* gp_reddot.png */,
				319DD6881E30C93F003526A7 /* gp_reddot@2x.png */,
				319DD6891E30C93F003526A7 /* gp_reddot@3x.png */,
			);
			path = res;
			sourceTree = "<group>";
		};
		319DD68A1E30C93F003526A7 /* src */ = {
			isa = PBXGroup;
			children = (
				319DD68B1E30C93F003526A7 /* MNGesturePassword.swift */,
				319DD68C1E30C93F003526A7 /* MNGesturePasswordConfigure.swift */,
				319DD68D1E30C93F003526A7 /* MNGesturePasswordDelegate.swift */,
				319DD68E1E30C93F003526A7 /* MNGesturePasswordView.swift */,
				319DD68F1E30C93F003526A7 /* MNGesturePoint.swift */,
			);
			path = src;
			sourceTree = "<group>";
		};
/* End PBXGroup section */

/* Begin PBXNativeTarget section */
		319DD65D1E30C911003526A7 /* MNGesturePassword */ = {
			isa = PBXNativeTarget;
			buildConfigurationList = 319DD6701E30C911003526A7 /* Build configuration list for PBXNativeTarget "MNGesturePassword" */;
			buildPhases = (
				319DD65A1E30C911003526A7 /* Sources */,
				319DD65B1E30C911003526A7 /* Frameworks */,
				319DD65C1E30C911003526A7 /* Resources */,
			);
			buildRules = (
			);
			dependencies = (
			);
			name = MNGesturePassword;
			productName = MNGesturePassword;
			productReference = 319DD65E1E30C911003526A7 /* MNGesturePassword.app */;
			productType = "com.apple.product-type.application";
		};
/* End PBXNativeTarget section */

/* Begin PBXProject section */
		319DD6561E30C910003526A7 /* Project object */ = {
			isa = PBXProject;
			attributes = {
				LastSwiftUpdateCheck = 0820;
				LastUpgradeCheck = 0820;
				ORGANIZATIONNAME = "陆广庆";
				TargetAttributes = {
					319DD65D1E30C911003526A7 = {
						CreatedOnToolsVersion = 8.2.1;
						DevelopmentTeam = QR2ZFRE3WH;
						ProvisioningStyle = Automatic;
					};
				};
			};
			buildConfigurationList = 319DD6591E30C910003526A7 /* Build configuration list for PBXProject "MNGesturePassword" */;
			compatibilityVersion = "Xcode 3.2";
			developmentRegion = English;
			hasScannedForEncodings = 0;
			knownRegions = (
				en,
				Base,
			);
			mainGroup = 319DD6551E30C910003526A7;
			productRefGroup = 319DD65F1E30C911003526A7 /* Products */;
			projectDirPath = "";
			projectRoot = "";
			targets = (
				319DD65D1E30C911003526A7 /* MNGesturePassword */,
			);
		};
/* End PBXProject section */

/* Begin PBXResourcesBuildPhase section */
		319DD65C1E30C911003526A7 /* Resources */ = {
			isa = PBXResourcesBuildPhase;
			buildActionMask = 2147483647;
			files = (
				319DD69C1E30C93F003526A7 /* gp_greendot.png in Resources */,
				319DD6901E30C93F003526A7 /* gp_blue.png in Resources */,
				319DD6981E30C93F003526A7 /* gp_gray@3x.png in Resources */,
				319DD6951E30C93F003526A7 /* gp_bluedot@3x.png in Resources */,
				319DD69E1E30C93F003526A7 /* gp_greendot@3x.png in Resources */,
				319DD6971E30C93F003526A7 /* gp_gray@2x.png in Resources */,
				319DD6A41E30C93F003526A7 /* gp_reddot@3x.png in Resources */,
				319DD6A11E30C93F003526A7 /* gp_red@3x.png in Resources */,
				319DD6911E30C93F003526A7 /* gp_blue@2x.png in Resources */,
				319DD69F1E30C93F003526A7 /* gp_red.png in Resources */,
				319DD6A31E30C93F003526A7 /* gp_reddot@2x.png in Resources */,
				319DD69A1E30C93F003526A7 /* gp_green@2x.png in Resources */,
				319DD6961E30C93F003526A7 /* gp_gray.png in Resources */,
				319DD66C1E30C911003526A7 /* LaunchScreen.storyboard in Resources */,
				319DD6A21E30C93F003526A7 /* gp_reddot.png in Resources */,
				319DD6A01E30C93F003526A7 /* gp_red@2x.png in Resources */,
				319DD6941E30C93F003526A7 /* gp_bluedot@2x.png in Resources */,
				319DD6691E30C911003526A7 /* Assets.xcassets in Resources */,
				319DD6921E30C93F003526A7 /* gp_blue@3x.png in Resources */,
				319DD69B1E30C93F003526A7 /* gp_green@3x.png in Resources */,
				319DD6991E30C93F003526A7 /* gp_green.png in Resources */,
				319DD69D1E30C93F003526A7 /* gp_greendot@2x.png in Resources */,
				319DD6931E30C93F003526A7 /* gp_bluedot.png in Resources */,
				319DD6671E30C911003526A7 /* Main.storyboard in Resources */,
			);
			runOnlyForDeploymentPostprocessing = 0;
		};
/* End PBXResourcesBuildPhase section */

/* Begin PBXSourcesBuildPhase section */
		319DD65A1E30C911003526A7 /* Sources */ = {
			isa = PBXSourcesBuildPhase;
			buildActionMask = 2147483647;
			files = (
				319DD6A81E30C93F003526A7 /* MNGesturePasswordView.swift in Sources */,
				319DD6A61E30C93F003526A7 /* MNGesturePasswordConfigure.swift in Sources */,
				319DD6A91E30C93F003526A7 /* MNGesturePoint.swift in Sources */,
				319DD6A51E30C93F003526A7 /* MNGesturePassword.swift in Sources */,
				319DD6A71E30C93F003526A7 /* MNGesturePasswordDelegate.swift in Sources */,
				319DD6641E30C911003526A7 /* ViewController.swift in Sources */,
				319DD6621E30C911003526A7 /* AppDelegate.swift in Sources */,
			);
			runOnlyForDeploymentPostprocessing = 0;
		};
/* End PBXSourcesBuildPhase section */

/* Begin PBXVariantGroup section */
		319DD6651E30C911003526A7 /* Main.storyboard */ = {
			isa = PBXVariantGroup;
			children = (
				319DD6661E30C911003526A7 /* Base */,
			);
			name = Main.storyboard;
			sourceTree = "<group>";
		};
		319DD66A1E30C911003526A7 /* LaunchScreen.storyboard */ = {
			isa = PBXVariantGroup;
			children = (
				319DD66B1E30C911003526A7 /* Base */,
			);
			name = LaunchScreen.storyboard;
			sourceTree = "<group>";
		};
/* End PBXVariantGroup section */

/* Begin XCBuildConfiguration section */
		319DD66E1E30C911003526A7 /* Debug */ = {
			isa = XCBuildConfiguration;
			buildSettings = {
				ALWAYS_SEARCH_USER_PATHS = NO;
				CLANG_ANALYZER_NONNULL = YES;
				CLANG_CXX_LANGUAGE_STANDARD = "gnu++0x";
				CLANG_CXX_LIBRARY = "libc++";
				CLANG_ENABLE_MODULES = YES;
				CLANG_ENABLE_OBJC_ARC = YES;
				CLANG_WARN_BOOL_CONVERSION = YES;
				CLANG_WARN_CONSTANT_CONVERSION = YES;
				CLANG_WARN_DIRECT_OBJC_ISA_USAGE = YES_ERROR;
				CLANG_WARN_DOCUMENTATION_COMMENTS = YES;
				CLANG_WARN_EMPTY_BODY = YES;
				CLANG_WARN_ENUM_CONVERSION = YES;
				CLANG_WARN_INFINITE_RECURSION = YES;
				CLANG_WARN_INT_CONVERSION = YES;
				CLANG_WARN_OBJC_ROOT_CLASS = YES_ERROR;
				CLANG_WARN_SUSPICIOUS_MOVE = YES;
				CLANG_WARN_UNREACHABLE_CODE = YES;
				CLANG_WARN__DUPLICATE_METHOD_MATCH = YES;
				"CODE_SIGN_IDENTITY[sdk=iphoneos*]" = "iPhone Developer";
				COPY_PHASE_STRIP = NO;
				DEBUG_INFORMATION_FORMAT = dwarf;
				ENABLE_STRICT_OBJC_MSGSEND = YES;
				ENABLE_TESTABILITY = YES;
				GCC_C_LANGUAGE_STANDARD = gnu99;
				GCC_DYNAMIC_NO_PIC = NO;
				GCC_NO_COMMON_BLOCKS = YES;
				GCC_OPTIMIZATION_LEVEL = 0;
				GCC_PREPROCESSOR_DEFINITIONS = (
					"DEBUG=1",
					"$(inherited)",
				);
				GCC_WARN_64_TO_32_BIT_CONVERSION = YES;
				GCC_WARN_ABOUT_RETURN_TYPE = YES_ERROR;
				GCC_WARN_UNDECLARED_SELECTOR = YES;
				GCC_WARN_UNINITIALIZED_AUTOS = YES_AGGRESSIVE;
				GCC_WARN_UNUSED_FUNCTION = YES;
				GCC_WARN_UNUSED_VARIABLE = YES;
				IPHONEOS_DEPLOYMENT_TARGET = 10.2;
				MTL_ENABLE_DEBUG_INFO = YES;
				ONLY_ACTIVE_ARCH = YES;
				SDKROOT = iphoneos;
				SWIFT_ACTIVE_COMPILATION_CONDITIONS = DEBUG;
				SWIFT_OPTIMIZATION_LEVEL = "-Onone";
				TARGETED_DEVICE_FAMILY = "1,2";
			};
			name = Debug;
		};
		319DD66F1E30C911003526A7 /* Release */ = {
			isa = XCBuildConfiguration;
			buildSettings = {
				ALWAYS_SEARCH_USER_PATHS = NO;
				CLANG_ANALYZER_NONNULL = YES;
				CLANG_CXX_LANGUAGE_STANDARD = "gnu++0x";
				CLANG_CXX_LIBRARY = "libc++";
				CLANG_ENABLE_MODULES = YES;
				CLANG_ENABLE_OBJC_ARC = YES;
				CLANG_WARN_BOOL_CONVERSION = YES;
				CLANG_WARN_CONSTANT_CONVERSION = YES;
				CLANG_WARN_DIRECT_OBJC_ISA_USAGE = YES_ERROR;
				CLANG_WARN_DOCUMENTATION_COMMENTS = YES;
				CLANG_WARN_EMPTY_BODY = YES;
				CLANG_WARN_ENUM_CONVERSION = YES;
				CLANG_WARN_INFINITE_RECURSION = YES;
				CLANG_WARN_INT_CONVERSION = YES;
				CLANG_WARN_OBJC_ROOT_CLASS = YES_ERROR;
				CLANG_WARN_SUSPICIOUS_MOVE = YES;
				CLANG_WARN_UNREACHABLE_CODE = YES;
				CLANG_WARN__DUPLICATE_METHOD_MATCH = YES;
				"CODE_SIGN_IDENTITY[sdk=iphoneos*]" = "iPhone Developer";
				COPY_PHASE_STRIP = NO;
				DEBUG_INFORMATION_FORMAT = "dwarf-with-dsym";
				ENABLE_NS_ASSERTIONS = NO;
				ENABLE_STRICT_OBJC_MSGSEND = YES;
				GCC_C_LANGUAGE_STANDARD = gnu99;
				GCC_NO_COMMON_BLOCKS = YES;
				GCC_WARN_64_TO_32_BIT_CONVERSION = YES;
				GCC_WARN_ABOUT_RETURN_TYPE = YES_ERROR;
				GCC_WARN_UNDECLARED_SELECTOR = YES;
				GCC_WARN_UNINITIALIZED_AUTOS = YES_AGGRESSIVE;
				GCC_WARN_UNUSED_FUNCTION = YES;
				GCC_WARN_UNUSED_VARIABLE = YES;
				IPHONEOS_DEPLOYMENT_TARGET = 10.2;
				MTL_ENABLE_DEBUG_INFO = NO;
				SDKROOT = iphoneos;
				SWIFT_OPTIMIZATION_LEVEL = "-Owholemodule";
				TARGETED_DEVICE_FAMILY = "1,2";
				VALIDATE_PRODUCT = YES;
			};
			name = Release;
		};
		319DD6711E30C911003526A7 /* Debug */ = {
			isa = XCBuildConfiguration;
			buildSettings = {
				ASSETCATALOG_COMPILER_APPICON_NAME = AppIcon;
				DEVELOPMENT_TEAM = QR2ZFRE3WH;
				INFOPLIST_FILE = MNGesturePassword/Info.plist;
				LD_RUNPATH_SEARCH_PATHS = "$(inherited) @executable_path/Frameworks";
				PRODUCT_BUNDLE_IDENTIFIER = com.lugq1001.MNGesturePassword;
				PRODUCT_NAME = "$(TARGET_NAME)";
				SWIFT_VERSION = 3.0;
			};
			name = Debug;
		};
		319DD6721E30C911003526A7 /* Release */ = {
			isa = XCBuildConfiguration;
			buildSettings = {
				ASSETCATALOG_COMPILER_APPICON_NAME = AppIcon;
				DEVELOPMENT_TEAM = QR2ZFRE3WH;
				INFOPLIST_FILE = MNGesturePassword/Info.plist;
				LD_RUNPATH_SEARCH_PATHS = "$(inherited) @executable_path/Frameworks";
				PRODUCT_BUNDLE_IDENTIFIER = com.lugq1001.MNGesturePassword;
				PRODUCT_NAME = "$(TARGET_NAME)";
				SWIFT_VERSION = 3.0;
			};
			name = Release;
		};
/* End XCBuildConfiguration section */

/* Begin XCConfigurationList section */
		319DD6591E30C910003526A7 /* Build configuration list for PBXProject "MNGesturePassword" */ = {
			isa = XCConfigurationList;
			buildConfigurations = (
				319DD66E1E30C911003526A7 /* Debug */,
				319DD66F1E30C911003526A7 /* Release */,
			);
			defaultConfigurationIsVisible = 0;
			defaultConfigurationName = Release;
		};
		319DD6701E30C911003526A7 /* Build configuration list for PBXNativeTarget "MNGesturePassword" */ = {
			isa = XCConfigurationList;
			buildConfigurations = (
				319DD6711E30C911003526A7 /* Debug */,
				319DD6721E30C911003526A7 /* Release */,
			);
			defaultConfigurationIsVisible = 0;
		};
/* End XCConfigurationList section */
	};
	rootObject = 319DD6561E30C910003526A7 /* Project object */;
}
